
Microsoft Visual Studio Solution File, Format Version 12.00
# Visual Studio Version 17
VisualStudioVersion = 17.2.32630.192
MinimumVisualStudioVersion = 10.0.40219.1
Project("{9A19103F-16F7-4668-BE54-9A1E7A4F7556}") = "R5T.D0027.Construction", "R5T.D0027.Construction\R5T.D0027.Construction.csproj", "{C4D7A19C-103D-4A6B-BCE8-16A72B02316F}"
EndProject
Project("{9A19103F-16F7-4668-BE54-9A1E7A4F7556}") = "R5T.D0027", "R5T.D0027\R5T.D0027.csproj", "{E6209F2C-9C52-4E87-A13B-B8AF58DA2E5C}"
EndProject
Project("{FAE04EC0-301F-11D3-BF4B-00C04F79EFBC}") = "R5T.D0027.Base", "R5T.D0027.Base\R5T.D0027.Base.csproj", "{C42F8E69-E9A1-4B1B-BF2D-24CD001999CA}"
EndProject
Project("{FAE04EC0-301F-11D3-BF4B-00C04F79EFBC}") = "R5T.D0027.Default", "R5T.D0027.Default\R5T.D0027.Default.csproj", "{1FF4BA21-8114-475C-83E5-B98ACF3133F2}"
EndProject
Project("{2150E333-8FDC-42A3-9474-1A3956D46DE8}") = "_Dependencies", "_Dependencies", "{0E958A3A-322F-4DB0-8AC2-B7A59BA959B8}"
EndProject
Project("{9A19103F-16F7-4668-BE54-9A1E7A4F7556}") = "R5T.Dacia.Extensions", "..\..\R5T.Dacia.Extensions\source\R5T.Dacia.Extensions\R5T.Dacia.Extensions.csproj", "{95E4C68F-FF7A-4902-916D-EF428D218DB4}"
EndProject
Project("{9A19103F-16F7-4668-BE54-9A1E7A4F7556}") = "R5T.Dacia", "..\..\R5T.Dacia\source\R5T.Dacia\R5T.Dacia.csproj", "{C0327FE4-A700-4102-8662-E8E625F08F91}"
EndProject
Project("{FAE04EC0-301F-11D3-BF4B-00C04F79EFBC}") = "R5T.T0064", "..\..\R5T.T0064\source\R5T.T0064\R5T.T0064.csproj", "{7A48544A-3936-4292-A99F-D42736AD3FB3}"
EndProject
Project("{9A19103F-16F7-4668-BE54-9A1E7A4F7556}") = "R5T.T0143", "..\..\R5T.T0143\source\R5T.T0143\R5T.T0143.csproj", "{A9445424-5F8F-4FF3-80A9-358AAB5EAC7E}"
EndProject
Global
	GlobalSection(NestedProjects) = preSolution
		{95E4C68F-FF7A-4902-916D-EF428D218DB4} = {0E958A3A-322F-4DB0-8AC2-B7A59BA959B8}
		{C0327FE4-A700-4102-8662-E8E625F08F91} = {0E958A3A-322F-4DB0-8AC2-B7A59BA959B8}
		{7A48544A-3936-4292-A99F-D42736AD3FB3} = {0E958A3A-322F-4DB0-8AC2-B7A59BA959B8}
		{A9445424-5F8F-4FF3-80A9-358AAB5EAC7E} = {0E958A3A-322F-4DB0-8AC2-B7A59BA959B8}
	EndGlobalSection
	GlobalSection(SolutionConfigurationPlatforms) = preSolution
		Debug|Any CPU = Debug|Any CPU
		Debug|x64 = Debug|x64
		Debug|x86 = Debug|x86
		Release|Any CPU = Release|Any CPU
		Release|x64 = Release|x64
		Release|x86 = Release|x86
	EndGlobalSection
	GlobalSection(ProjectConfigurationPlatforms) = postSolution
		{C4D7A19C-103D-4A6B-BCE8-16A72B02316F}.Debug|Any CPU.ActiveCfg = Debug|Any CPU
		{C4D7A19C-103D-4A6B-BCE8-16A72B02316F}.Debug|Any CPU.Build.0 = Debug|Any CPU
		{C4D7A19C-103D-4A6B-BCE8-16A72B02316F}.Debug|x64.ActiveCfg = Debug|Any CPU
		{C4D7A19C-103D-4A6B-BCE8-16A72B02316F}.Debug|x64.Build.0 = Debug|Any CPU
		{C4D7A19C-103D-4A6B-BCE8-16A72B02316F}.Debug|x86.ActiveCfg = Debug|Any CPU
		{C4D7A19C-103D-4A6B-BCE8-16A72B02316F}.Debug|x86.Build.0 = Debug|Any CPU
		{C4D7A19C-103D-4A6B-BCE8-16A72B02316F}.Release|Any CPU.ActiveCfg = Release|Any CPU
		{C4D7A19C-103D-4A6B-BCE8-16A72B02316F}.Release|Any CPU.Build.0 = Release|Any CPU
		{C4D7A19C-103D-4A6B-BCE8-16A72B02316F}.Release|x64.ActiveCfg = Release|Any CPU
		{C4D7A19C-103D-4A6B-BCE8-16A72B02316F}.Release|x64.Build.0 = Release|Any CPU
		{C4D7A19C-103D-4A6B-BCE8-16A72B02316F}.Release|x86.ActiveCfg = Release|Any CPU
		{C4D7A19C-103D-4A6B-BCE8-16A72B02316F}.Release|x86.Build.0 = Release|Any CPU
		{E6209F2C-9C52-4E87-A13B-B8AF58DA2E5C}.Debug|Any CPU.ActiveCfg = Debug|Any CPU
		{E6209F2C-9C52-4E87-A13B-B8AF58DA2E5C}.Debug|Any CPU.Build.0 = Debug|Any CPU
		{E6209F2C-9C52-4E87-A13B-B8AF58DA2E5C}.Debug|x64.ActiveCfg = Debug|Any CPU
		{E6209F2C-9C52-4E87-A13B-B8AF58DA2E5C}.Debug|x64.Build.0 = Debug|Any CPU
		{E6209F2C-9C52-4E87-A13B-B8AF58DA2E5C}.Debug|x86.ActiveCfg = Debug|Any CPU
		{E6209F2C-9C52-4E87-A13B-B8AF58DA2E5C}.Debug|x86.Build.0 = Debug|Any CPU
		{E6209F2C-9C52-4E87-A13B-B8AF58DA2E5C}.Release|Any CPU.ActiveCfg = Release|Any CPU
		{E6209F2C-9C52-4E87-A13B-B8AF58DA2E5C}.Release|Any CPU.Build.0 = Release|Any CPU
		{E6209F2C-9C52-4E87-A13B-B8AF58DA2E5C}.Release|x64.ActiveCfg = Release|Any CPU
		{E6209F2C-9C52-4E87-A13B-B8AF58DA2E5C}.Release|x64.Build.0 = Release|Any CPU
		{E6209F2C-9C52-4E87-A13B-B8AF58DA2E5C}.Release|x86.ActiveCfg = Release|Any CPU
		{E6209F2C-9C52-4E87-A13B-B8AF58DA2E5C}.Release|x86.Build.0 = Release|Any CPU
		{C42F8E69-E9A1-4B1B-BF2D-24CD001999CA}.Debug|Any CPU.ActiveCfg = Debug|Any CPU
		{C42F8E69-E9A1-4B1B-BF2D-24CD001999CA}.Debug|Any CPU.Build.0 = Debug|Any CPU
		{C42F8E69-E9A1-4B1B-BF2D-24CD001999CA}.Debug|x64.ActiveCfg = Debug|Any CPU
		{C42F8E69-E9A1-4B1B-BF2D-24CD001999CA}.Debug|x64.Build.0 = Debug|Any CPU
		{C42F8E69-E9A1-4B1B-BF2D-24CD001999CA}.Debug|x86.ActiveCfg = Debug|Any CPU
		{C42F8E69-E9A1-4B1B-BF2D-24CD001999CA}.Debug|x86.Build.0 = Debug|Any CPU
		{C42F8E69-E9A1-4B1B-BF2D-24CD001999CA}.Release|Any CPU.ActiveCfg = Release|Any CPU
		{C42F8E69-E9A1-4B1B-BF2D-24CD001999CA}.Release|Any CPU.Build.0 = Release|Any CPU
		{C42F8E69-E9A1-4B1B-BF2D-24CD001999CA}.Release|x64.ActiveCfg = Release|Any CPU
		{C42F8E69-E9A1-4B1B-BF2D-24CD001999CA}.Release|x64.Build.0 = Release|Any CPU
		{C42F8E69-E9A1-4B1B-BF2D-24CD001999CA}.Release|x86.ActiveCfg = Release|Any CPU
		{C42F8E69-E9A1-4B1B-BF2D-24CD001999CA}.Release|x86.Build.0 = Release|Any CPU
		{1FF4BA21-8114-475C-83E5-B98ACF3133F2}.Debug|Any CPU.ActiveCfg = Debug|Any CPU
		{1FF4BA21-8114-475C-83E5-B98ACF3133F2}.Debug|Any CPU.Build.0 = Debug|Any CPU
		{1FF4BA21-8114-475C-83E5-B98ACF3133F2}.Debug|x64.ActiveCfg = Debug|Any CPU
		{1FF4BA21-8114-475C-83E5-B98ACF3133F2}.Debug|x64.Build.0 = Debug|Any CPU
		{1FF4BA21-8114-475C-83E5-B98ACF3133F2}.Debug|x86.ActiveCfg = Debug|Any CPU
		{1FF4BA21-8114-475C-83E5-B98ACF3133F2}.Debug|x86.Build.0 = Debug|Any CPU
		{1FF4BA21-8114-475C-83E5-B98ACF3133F2}.Release|Any CPU.ActiveCfg = Release|Any CPU
		{1FF4BA21-8114-475C-83E5-B98ACF3133F2}.Release|Any CPU.Build.0 = Release|Any CPU
		{1FF4BA21-8114-475C-83E5-B98ACF3133F2}.Release|x64.ActiveCfg = Release|Any CPU
		{1FF4BA21-8114-475C-83E5-B98ACF3133F2}.Release|x64.Build.0 = Release|Any CPU
		{1FF4BA21-8114-475C-83E5-B98ACF3133F2}.Release|x86.ActiveCfg = Release|Any CPU
		{1FF4BA21-8114-475C-83E5-B98ACF3133F2}.Release|x86.Build.0 = Release|Any CPU
		{95E4C68F-FF7A-4902-916D-EF428D218DB4}.Debug|Any CPU.ActiveCfg = Debug|Any CPU
		{95E4C68F-FF7A-4902-916D-EF428D218DB4}.Debug|Any CPU.Build.0 = Debug|Any CPU
		{95E4C68F-FF7A-4902-916D-EF428D218DB4}.Debug|x64.ActiveCfg = Debug|Any CPU
		{95E4C68F-FF7A-4902-916D-EF428D218DB4}.Debug|x64.Build.0 = Debug|Any CPU
		{95E4C68F-FF7A-4902-916D-EF428D218DB4}.Debug|x86.ActiveCfg = Debug|Any CPU
		{95E4C68F-FF7A-4902-916D-EF428D218DB4}.Debug|x86.Build.0 = Debug|Any CPU
		{95E4C68F-FF7A-4902-916D-EF428D218DB4}.Release|Any CPU.ActiveCfg = Release|Any CPU
		{95E4C68F-FF7A-4902-916D-EF428D218DB4}.Release|Any CPU.Build.0 = Release|Any CPU
		{95E4C68F-FF7A-4902-916D-EF428D218DB4}.Release|x64.ActiveCfg = Release|Any CPU
		{95E4C68F-FF7A-4902-916D-EF428D218DB4}.Release|x64.Build.0 = Release|Any CPU
		{95E4C68F-FF7A-4902-916D-EF428D218DB4}.Release|x86.ActiveCfg = Release|Any CPU
		{95E4C68F-FF7A-4902-916D-EF428D218DB4}.Release|x86.Build.0 = Release|Any CPU
		{C0327FE4-A700-4102-8662-E8E625F08F91}.Debug|Any CPU.ActiveCfg = Debug|Any CPU
		{C0327FE4-A700-4102-8662-E8E625F08F91}.Debug|Any CPU.Build.0 = Debug|Any CPU
		{C0327FE4-A700-4102-8662-E8E625F08F91}.Debug|x64.ActiveCfg = Debug|Any CPU
		{C0327FE4-A700-4102-8662-E8E625F08F91}.Debug|x64.Build.0 = Debug|Any CPU
		{C0327FE4-A700-4102-8662-E8E625F08F91}.Debug|x86.ActiveCfg = Debug|Any CPU
		{C0327FE4-A700-4102-8662-E8E625F08F91}.Debug|x86.Build.0 = Debug|Any CPU
		{C0327FE4-A700-4102-8662-E8E625F08F91}.Release|Any CPU.ActiveCfg = Release|Any CPU
		{C0327FE4-A700-4102-8662-E8E625F08F91}.Release|Any CPU.Build.0 = Release|Any CPU
		{C0327FE4-A700-4102-8662-E8E625F08F91}.Release|x64.ActiveCfg = Release|Any CPU
		{C0327FE4-A700-4102-8662-E8E625F08F91}.Release|x64.Build.0 = Release|Any CPU
		{C0327FE4-A700-4102-8662-E8E625F08F91}.Release|x86.ActiveCfg = Release|Any CPU
		{C0327FE4-A700-4102-8662-E8E625F08F91}.Release|x86.Build.0 = Release|Any CPU
		{7A48544A-3936-4292-A99F-D42736AD3FB3}.Debug|Any CPU.ActiveCfg = Debug|Any CPU
		{7A48544A-3936-4292-A99F-D42736AD3FB3}.Debug|Any CPU.Build.0 = Debug|Any CPU
		{7A48544A-3936-4292-A99F-D42736AD3FB3}.Debug|x64.ActiveCfg = Debug|Any CPU
		{7A48544A-3936-4292-A99F-D42736AD3FB3}.Debug|x64.Build.0 = Debug|Any CPU
		{7A48544A-3936-4292-A99F-D42736AD3FB3}.Debug|x86.ActiveCfg = Debug|Any CPU
		{7A48544A-3936-4292-A99F-D42736AD3FB3}.Debug|x86.Build.0 = Debug|Any CPU
		{7A48544A-3936-4292-A99F-D42736AD3FB3}.Release|Any CPU.ActiveCfg = Release|Any CPU
		{7A48544A-3936-4292-A99F-D42736AD3FB3}.Release|Any CPU.Build.0 = Release|Any CPU
		{7A48544A-3936-4292-A99F-D42736AD3FB3}.Release|x64.ActiveCfg = Release|Any CPU
		{7A48544A-3936-4292-A99F-D42736AD3FB3}.Release|x64.Build.0 = Release|Any CPU
		{7A48544A-3936-4292-A99F-D42736AD3FB3}.Release|x86.ActiveCfg = Release|Any CPU
		{7A48544A-3936-4292-A99F-D42736AD3FB3}.Release|x86.Build.0 = Release|Any CPU
		{A9445424-5F8F-4FF3-80A9-358AAB5EAC7E}.Debug|Any CPU.ActiveCfg = Debug|Any CPU
		{A9445424-5F8F-4FF3-80A9-358AAB5EAC7E}.Debug|Any CPU.Build.0 = Debug|Any CPU
		{A9445424-5F8F-4FF3-80A9-358AAB5EAC7E}.Debug|x64.ActiveCfg = Debug|Any CPU
		{A9445424-5F8F-4FF3-80A9-358AAB5EAC7E}.Debug|x64.Build.0 = Debug|Any CPU
		{A9445424-5F8F-4FF3-80A9-358AAB5EAC7E}.Debug|x86.ActiveCfg = Debug|Any CPU
		{A9445424-5F8F-4FF3-80A9-358AAB5EAC7E}.Debug|x86.Build.0 = Debug|Any CPU
		{A9445424-5F8F-4FF3-80A9-358AAB5EAC7E}.Release|Any CPU.ActiveCfg = Release|Any CPU
		{A9445424-5F8F-4FF3-80A9-358AAB5EAC7E}.Release|Any CPU.Build.0 = Release|Any CPU
		{A9445424-5F8F-4FF3-80A9-358AAB5EAC7E}.Release|x64.ActiveCfg = Release|Any CPU
		{A9445424-5F8F-4FF3-80A9-358AAB5EAC7E}.Release|x64.Build.0 = Release|Any CPU
		{A9445424-5F8F-4FF3-80A9-358AAB5EAC7E}.Release|x86.ActiveCfg = Release|Any CPU
		{A9445424-5F8F-4FF3-80A9-358AAB5EAC7E}.Release|x86.Build.0 = Release|Any CPU
	EndGlobalSection
	GlobalSection(SolutionProperties) = preSolution
		HideSolutionNode = FALSE
	EndGlobalSection
	GlobalSection(ExtensibilityGlobals) = postSolution
		SolutionGuid = {DECB790B-B755-4019-A25D-C33D677C4096}
	EndGlobalSection
EndGlobal
